github.com/gibizer/example-lib v0.1.1-0.20240808133752-9412b12ddb8c h1:kz9ud/6uSLW9Ud4QyELHTxDIc4L3GpGP6zZcAAvKvno=
github.com/gibizer/example-lib v0.1.1-0.20240808133752-9412b12ddb8c/go.mod h1:fRyZq26CwgJ+pXb7Zm1hcHkWQChf+ci94VQLMRl5ubk=
github.com/gibizer/example-lib v0.2.0 h1:7vL213tu2/YNkLAEp48x6eB4earBQBqLTVi1gJC4VdQ=
github.com/gibizer/example-lib v0.2.0/go.mod h1:fRyZq26CwgJ+pXb7Zm1hcHkWQChf+ci94VQLMRl5ubk=
